
Microsoft Visual Studio Solution File, Format Version 12.00
# Visual Studio Version 16
VisualStudioVersion = 16.0.31129.286
MinimumVisualStudioVersion = 10.0.40219.1
Project("{8BC9CEB8-8B4A-11D0-8D11-00A0C91BC942}") = "3장_OpenChallenge_지수표현클래스", "3장_OpenChallenge_지수표현클래스.vcxproj", "{9D60B8CD-BC12-4F7F-AA66-35B77CD9BCBD}"
EndProject
Global
	GlobalSection(SolutionConfigurationPlatforms) = preSolution
		Debug|x64 = Debug|x64
		Debug|x86 = Debug|x86
		Release|x64 = Release|x64
		Release|x86 = Release|x86
	EndGlobalSection
	GlobalSection(ProjectConfigurationPlatforms) = postSolution
		{9D60B8CD-BC12-4F7F-AA66-35B77CD9BCBD}.Debug|x64.ActiveCfg = Debug|x64
		{9D60B8CD-BC12-4F7F-AA66-35B77CD9BCBD}.Debug|x64.Build.0 = Debug|x64
		{9D60B8CD-BC12-4F7F-AA66-35B77CD9BCBD}.Debug|x86.ActiveCfg = Debug|Win32
		{9D60B8CD-BC12-4F7F-AA66-35B77CD9BCBD}.Debug|x86.Build.0 = Debug|Win32
		{9D60B8CD-BC12-4F7F-AA66-35B77CD9BCBD}.Release|x64.ActiveCfg = Release|x64
		{9D60B8CD-BC12-4F7F-AA66-35B77CD9BCBD}.Release|x64.Build.0 = Release|x64
		{9D60B8CD-BC12-4F7F-AA66-35B77CD9BCBD}.Release|x86.ActiveCfg = Release|Win32
		{9D60B8CD-BC12-4F7F-AA66-35B77CD9BCBD}.Release|x86.Build.0 = Release|Win32
	EndGlobalSection
	GlobalSection(SolutionProperties) = preSolution
		HideSolutionNode = FALSE
	EndGlobalSection
	GlobalSection(ExtensibilityGlobals) = postSolution
		SolutionGuid = {3FCD9D3A-A82F-484C-A3C5-6BC1B92A88D9}
	EndGlobalSection
EndGlobal
