
Microsoft Visual Studio Solution File, Format Version 12.00
# Visual Studio Version 16
VisualStudioVersion = 16.0.31025.194
MinimumVisualStudioVersion = 10.0.40219.1
Project("{8BC9CEB8-8B4A-11D0-8D11-00A0C91BC942}") = "Coffee_Machine", "Coffee_Machine.vcxproj", "{397B8C34-492B-4F7F-B2D2-AF54B1B4E722}"
EndProject
Global
	GlobalSection(SolutionConfigurationPlatforms) = preSolution
		Debug|x64 = Debug|x64
		Debug|x86 = Debug|x86
		Release|x64 = Release|x64
		Release|x86 = Release|x86
	EndGlobalSection
	GlobalSection(ProjectConfigurationPlatforms) = postSolution
		{397B8C34-492B-4F7F-B2D2-AF54B1B4E722}.Debug|x64.ActiveCfg = Debug|x64
		{397B8C34-492B-4F7F-B2D2-AF54B1B4E722}.Debug|x64.Build.0 = Debug|x64
		{397B8C34-492B-4F7F-B2D2-AF54B1B4E722}.Debug|x86.ActiveCfg = Debug|Win32
		{397B8C34-492B-4F7F-B2D2-AF54B1B4E722}.Debug|x86.Build.0 = Debug|Win32
		{397B8C34-492B-4F7F-B2D2-AF54B1B4E722}.Release|x64.ActiveCfg = Release|x64
		{397B8C34-492B-4F7F-B2D2-AF54B1B4E722}.Release|x64.Build.0 = Release|x64
		{397B8C34-492B-4F7F-B2D2-AF54B1B4E722}.Release|x86.ActiveCfg = Release|Win32
		{397B8C34-492B-4F7F-B2D2-AF54B1B4E722}.Release|x86.Build.0 = Release|Win32
	EndGlobalSection
	GlobalSection(SolutionProperties) = preSolution
		HideSolutionNode = FALSE
	EndGlobalSection
	GlobalSection(ExtensibilityGlobals) = postSolution
		SolutionGuid = {D33E04B0-334E-430F-A6A9-5E7EBB8DE308}
	EndGlobalSection
EndGlobal
